
Microsoft Visual Studio Solution File, Format Version 12.00
# Visual Studio Version 16
VisualStudioVersion = 16.0.31729.503
MinimumVisualStudioVersion = 10.0.40219.1
Project("{FAE04EC0-301F-11D3-BF4B-00C04F79EFBC}") = "RejectDetailsService", "RejectDetailsService\RejectDetailsService.csproj", "{F9B2DD87-A0D2-4303-B96E-4D613E7262A0}"
EndProject
Project("{FAE04EC0-301F-11D3-BF4B-00C04F79EFBC}") = "MCSWeb", "..\MCSWeb\MCSWeb.csproj", "{CAB393DE-8E23-4572-AD9F-D062AB186411}"
EndProject
Global
	GlobalSection(SolutionConfigurationPlatforms) = preSolution
		Debug|Any CPU = Debug|Any CPU
		Release|Any CPU = Release|Any CPU
	EndGlobalSection
	GlobalSection(ProjectConfigurationPlatforms) = postSolution
		{F9B2DD87-A0D2-4303-B96E-4D613E7262A0}.Debug|Any CPU.ActiveCfg = Debug|Any CPU
		{F9B2DD87-A0D2-4303-B96E-4D613E7262A0}.Debug|Any CPU.Build.0 = Debug|Any CPU
		{F9B2DD87-A0D2-4303-B96E-4D613E7262A0}.Release|Any CPU.ActiveCfg = Release|Any CPU
		{F9B2DD87-A0D2-4303-B96E-4D613E7262A0}.Release|Any CPU.Build.0 = Release|Any CPU
		{CAB393DE-8E23-4572-AD9F-D062AB186411}.Debug|Any CPU.ActiveCfg = Debug|Any CPU
		{CAB393DE-8E23-4572-AD9F-D062AB186411}.Debug|Any CPU.Build.0 = Debug|Any CPU
		{CAB393DE-8E23-4572-AD9F-D062AB186411}.Release|Any CPU.ActiveCfg = Release|Any CPU
		{CAB393DE-8E23-4572-AD9F-D062AB186411}.Release|Any CPU.Build.0 = Release|Any CPU
	EndGlobalSection
	GlobalSection(SolutionProperties) = preSolution
		HideSolutionNode = FALSE
	EndGlobalSection
	GlobalSection(ExtensibilityGlobals) = postSolution
		SolutionGuid = {048E21C3-7B5E-40E1-8C0B-64AEB6B3ABB5}
	EndGlobalSection
EndGlobal
